{
  "name": "ags",
  "lockfileVersion": 3,
  "requires": true,
  "packages": {
    "": {
      "dependencies": {
        "@boxicons/core": "^1.0.6",
        "@boxicons/react": "^1.0.3",
        "ags": "*",
        "gnim": "*"
      }
    },
    "../../../../../../usr/share/ags/js": {
      "name": "ags",
      "version": "3.1.2",
      "license": "LGPL-2.1",
      "os": [
        "linux"
      ],
      "devDependencies": {
        "@eslint/js": "latest",
        "eslint": "^9.39.1",
        "typescript": "^5.9.3",
        "typescript-eslint": "^8.48.0"
      },
      "engines": {
        "gjs": ">=1.79.0"
      },
      "funding": {
        "type": "kofi",
        "url": "https://ko-fi.com/aylur"
      },
      "peerDependencies": {
        "gnim": "^1.9.1"
      }
    },
    "../../../../../../usr/share/ags/js/node_modules/gnim": {
      "version": "1.9.1",
      "license": "MIT",
      "engines": {
        "gjs": ">=1.79.0"
      },
      "funding": {
        "type": "kofi",
        "url": "https://ko-fi.com/aylur"
      }
    },
    "node_modules/@boxicons/core": {
      "version": "1.0.6",
      "resolved": "https://registry.npmjs.org/@boxicons/core/-/core-1.0.6.tgz",
      "integrity": "sha512-8MnGNMoF7g2QvsR3sY9PDN7k44xSxWApI5SkmMJe83HQtsAoXfF5sNAXuk4KfTpDEDwKFux/NE08yJ0Z1XygLQ==",
      "license": "MIT"
    },
    "node_modules/@boxicons/react": {
      "version": "1.0.3",
      "resolved": "https://registry.npmjs.org/@boxicons/react/-/react-1.0.3.tgz",
      "integrity": "sha512-NASJNbk4X6Xi24CIa/Anx7KhMH1KPiBuaq0RJq3HJiFg65Ct9mhIB6j/a/Ciz/ZOTGaGzisWYmbU4jdKKK/YYA==",
      "license": "MIT",
      "peerDependencies": {
        "react": ">=16.8.0"
      }
    },
    "node_modules/ags": {
      "resolved": "../../../../../../usr/share/ags/js",
      "link": true
    },
    "node_modules/gnim": {
      "resolved": "../../../../../../usr/share/ags/js/node_modules/gnim",
      "link": true
    },
    "node_modules/react": {
      "version": "19.2.5",
      "resolved": "https://registry.npmjs.org/react/-/react-19.2.5.tgz",
      "integrity": "sha512-llUJLzz1zTUBrskt2pwZgLq59AemifIftw4aB7JxOqf1HY2FDaGDxgwpAPVzHU1kdWabH7FauP4i1oEeer2WCA==",
      "license": "MIT",
      "peer": true,
      "engines": {
        "node": ">=0.10.0"
      }
    }
  }
}
